
Microsoft Visual Studio Solution File, Format Version 12.00
# Visual Studio Version 17
VisualStudioVersion = 17.6.33829.357
MinimumVisualStudioVersion = 10.0.40219.1
Project("{E24C65DC-7377-472B-9ABA-BC803B73C61A}") = "Ferris_Wheel", "..\AyandaNamba8\Ferris_Wheel\", "{50E05761-6C26-44EA-B685-860A422C34B0}"
	ProjectSection(WebsiteProperties) = preProject
		TargetFrameworkMoniker = ".NETFramework,Version%3Dv4.8.1"
		Debug.AspNetCompiler.VirtualPath = "/localhost_63828"
		Debug.AspNetCompiler.PhysicalPath = "..\AyandaNamba8\Ferris_Wheel\"
		Debug.AspNetCompiler.TargetPath = "PrecompiledWeb\localhost_63828\"
		Debug.AspNetCompiler.Updateable = "true"
		Debug.AspNetCompiler.ForceOverwrite = "true"
		Debug.AspNetCompiler.FixedNames = "false"
		Debug.AspNetCompiler.Debug = "True"
		Release.AspNetCompiler.VirtualPath = "/localhost_63828"
		Release.AspNetCompiler.PhysicalPath = "..\AyandaNamba8\Ferris_Wheel\"
		Release.AspNetCompiler.TargetPath = "PrecompiledWeb\localhost_63828\"
		Release.AspNetCompiler.Updateable = "true"
		Release.AspNetCompiler.ForceOverwrite = "true"
		Release.AspNetCompiler.FixedNames = "false"
		Release.AspNetCompiler.Debug = "False"
		VWDPort = "63828"
	EndProjectSection
EndProject
Global
	GlobalSection(SolutionConfigurationPlatforms) = preSolution
		Debug|Any CPU = Debug|Any CPU
	EndGlobalSection
	GlobalSection(ProjectConfigurationPlatforms) = postSolution
		{50E05761-6C26-44EA-B685-860A422C34B0}.Debug|Any CPU.ActiveCfg = Debug|Any CPU
		{50E05761-6C26-44EA-B685-860A422C34B0}.Debug|Any CPU.Build.0 = Debug|Any CPU
	EndGlobalSection
	GlobalSection(SolutionProperties) = preSolution
		HideSolutionNode = FALSE
	EndGlobalSection
	GlobalSection(ExtensibilityGlobals) = postSolution
		SolutionGuid = {BF219674-4A00-45DD-B3CC-163E627542D9}
	EndGlobalSection
EndGlobal
